
Microsoft Visual Studio Solution File, Format Version 12.00
# Visual Studio Version 16
VisualStudioVersion = 16.0.30114.105
MinimumVisualStudioVersion = 10.0.40219.1
Project("{FAE04EC0-301F-11D3-BF4B-00C04F79EFBC}") = "GUI", "GUI\GUI.csproj", "{7A9E8F0D-9FE2-4757-AC2B-AB88ABCE83F3}"
EndProject
Global
	GlobalSection(SolutionConfigurationPlatforms) = preSolution
		Debug|Any CPU = Debug|Any CPU
		Release|Any CPU = Release|Any CPU
	EndGlobalSection
	GlobalSection(ProjectConfigurationPlatforms) = postSolution
		{7A9E8F0D-9FE2-4757-AC2B-AB88ABCE83F3}.Debug|Any CPU.ActiveCfg = Debug|Any CPU
		{7A9E8F0D-9FE2-4757-AC2B-AB88ABCE83F3}.Debug|Any CPU.Build.0 = Debug|Any CPU
		{7A9E8F0D-9FE2-4757-AC2B-AB88ABCE83F3}.Release|Any CPU.ActiveCfg = Release|Any CPU
		{7A9E8F0D-9FE2-4757-AC2B-AB88ABCE83F3}.Release|Any CPU.Build.0 = Release|Any CPU
	EndGlobalSection
	GlobalSection(SolutionProperties) = preSolution
		HideSolutionNode = FALSE
	EndGlobalSection
	GlobalSection(ExtensibilityGlobals) = postSolution
		SolutionGuid = {4853C6F1-FA92-4E39-9A1A-E07CDC9A19D1}
	EndGlobalSection
EndGlobal
